
Microsoft Visual Studio Solution File, Format Version 12.00
# Visual Studio 15
VisualStudioVersion = 15.0.28010.2048
MinimumVisualStudioVersion = 10.0.40219.1
Project("{FAE04EC0-301F-11D3-BF4B-00C04F79EFBC}") = "SolucaoPerformance1", "SolucaoPerformance1\SolucaoPerformance1.csproj", "{3D0EAD95-D99C-4517-B511-27071F13E8CB}"
EndProject
Project("{FAE04EC0-301F-11D3-BF4B-00C04F79EFBC}") = "SolucaoPerformance2", "SolucaoPerformance2\SolucaoPerformance2.csproj", "{2BFD8C64-56E7-4101-91FC-64D8D4BED366}"
EndProject
Global
	GlobalSection(SolutionConfigurationPlatforms) = preSolution
		Debug|Any CPU = Debug|Any CPU
		Release|Any CPU = Release|Any CPU
	EndGlobalSection
	GlobalSection(ProjectConfigurationPlatforms) = postSolution
		{3D0EAD95-D99C-4517-B511-27071F13E8CB}.Debug|Any CPU.ActiveCfg = Debug|Any CPU
		{3D0EAD95-D99C-4517-B511-27071F13E8CB}.Debug|Any CPU.Build.0 = Debug|Any CPU
		{3D0EAD95-D99C-4517-B511-27071F13E8CB}.Release|Any CPU.ActiveCfg = Release|Any CPU
		{3D0EAD95-D99C-4517-B511-27071F13E8CB}.Release|Any CPU.Build.0 = Release|Any CPU
		{2BFD8C64-56E7-4101-91FC-64D8D4BED366}.Debug|Any CPU.ActiveCfg = Debug|Any CPU
		{2BFD8C64-56E7-4101-91FC-64D8D4BED366}.Debug|Any CPU.Build.0 = Debug|Any CPU
		{2BFD8C64-56E7-4101-91FC-64D8D4BED366}.Release|Any CPU.ActiveCfg = Release|Any CPU
		{2BFD8C64-56E7-4101-91FC-64D8D4BED366}.Release|Any CPU.Build.0 = Release|Any CPU
	EndGlobalSection
	GlobalSection(SolutionProperties) = preSolution
		HideSolutionNode = FALSE
	EndGlobalSection
	GlobalSection(ExtensibilityGlobals) = postSolution
		SolutionGuid = {F879221D-F3AD-4039-B51A-76D6411C9352}
	EndGlobalSection
EndGlobal
